
Microsoft Visual Studio Solution File, Format Version 12.00
# Visual Studio 15
VisualStudioVersion = 15.0.27004.2009
MinimumVisualStudioVersion = 10.0.40219.1
Project("{FAE04EC0-301F-11D3-BF4B-00C04F79EFBC}") = "WpfAppThreadExample", "WpfAppThreadExample\WpfAppThreadExample.csproj", "{2A6C0243-0DB6-491E-9E7F-CEC9A8C63C84}"
EndProject
Project("{FAE04EC0-301F-11D3-BF4B-00C04F79EFBC}") = "ClassLibraryPremier", "ClassLibrary1\ClassLibraryPremier.csproj", "{86A12852-A7BC-4DB4-A5CD-0F08CDB66874}"
EndProject
Global
	GlobalSection(SolutionConfigurationPlatforms) = preSolution
		Debug|Any CPU = Debug|Any CPU
		Release|Any CPU = Release|Any CPU
	EndGlobalSection
	GlobalSection(ProjectConfigurationPlatforms) = postSolution
		{2A6C0243-0DB6-491E-9E7F-CEC9A8C63C84}.Debug|Any CPU.ActiveCfg = Debug|Any CPU
		{2A6C0243-0DB6-491E-9E7F-CEC9A8C63C84}.Debug|Any CPU.Build.0 = Debug|Any CPU
		{2A6C0243-0DB6-491E-9E7F-CEC9A8C63C84}.Release|Any CPU.ActiveCfg = Release|Any CPU
		{2A6C0243-0DB6-491E-9E7F-CEC9A8C63C84}.Release|Any CPU.Build.0 = Release|Any CPU
		{86A12852-A7BC-4DB4-A5CD-0F08CDB66874}.Debug|Any CPU.ActiveCfg = Debug|Any CPU
		{86A12852-A7BC-4DB4-A5CD-0F08CDB66874}.Debug|Any CPU.Build.0 = Debug|Any CPU
		{86A12852-A7BC-4DB4-A5CD-0F08CDB66874}.Release|Any CPU.ActiveCfg = Release|Any CPU
		{86A12852-A7BC-4DB4-A5CD-0F08CDB66874}.Release|Any CPU.Build.0 = Release|Any CPU
	EndGlobalSection
	GlobalSection(SolutionProperties) = preSolution
		HideSolutionNode = FALSE
	EndGlobalSection
	GlobalSection(ExtensibilityGlobals) = postSolution
		SolutionGuid = {0103D453-F18D-4AF5-BA77-173FAFBF9761}
	EndGlobalSection
EndGlobal
